// !$*UTF8*$!
{
	archiveVersion = 1;
	classes = {
	};
	objectVersion = 50;
	objects = {

/* Begin PBXBuildFile section */
		1789166E24125E8F001AE293 /* AppDelegate.swift in Sources */ = {isa = PBXBuildFile; fileRef = 1789166D24125E8F001AE293 /* AppDelegate.swift */; };
		1789167024125E8F001AE293 /* SceneDelegate.swift in Sources */ = {isa = PBXBuildFile; fileRef = 1789166F24125E8F001AE293 /* SceneDelegate.swift */; };
		1789167224125E8F001AE293 /* ViewController.swift in Sources */ = {isa = PBXBuildFile; fileRef = 1789167124125E8F001AE293 /* ViewController.swift */; };
		1789167524125E8F001AE293 /* Main.storyboard in Resources */ = {isa = PBXBuildFile; fileRef = 1789167324125E8F001AE293 /* Main.storyboard */; };
		1789167824125E8F001AE293 /* Starwar_alamofire.xcdatamodeld in Sources */ = {isa = PBXBuildFile; fileRef = 1789167624125E8F001AE293 /* Starwar_alamofire.xcdatamodeld */; };
		1789167A24125E92001AE293 /* Assets.xcassets in Resources */ = {isa = PBXBuildFile; fileRef = 1789167924125E92001AE293 /* Assets.xcassets */; };
		1789167D24125E92001AE293 /* LaunchScreen.storyboard in Resources */ = {isa = PBXBuildFile; fileRef = 1789167B24125E92001AE293 /* LaunchScreen.storyboard */; };
		1789168624125ED4001AE293 /* PersonApi.swift in Sources */ = {isa = PBXBuildFile; fileRef = 1789168524125ED4001AE293 /* PersonApi.swift */; };
		1789168824126012001AE293 /* constants.swift in Sources */ = {isa = PBXBuildFile; fileRef = 1789168724126012001AE293 /* constants.swift */; };
		1789168A241260EA001AE293 /* Person.swift in Sources */ = {isa = PBXBuildFile; fileRef = 17891689241260EA001AE293 /* Person.swift */; };
		72AA84144526553C088C800A /* Pods_Starwar_alamofire.framework in Frameworks */ = {isa = PBXBuildFile; fileRef = 412A0FE64F9DC89A62B32E05 /* Pods_Starwar_alamofire.framework */; };
/* End PBXBuildFile section */

/* Begin PBXFileReference section */
		1789166A24125E8F001AE293 /* Starwar-alamofire.app */ = {isa = PBXFileReference; explicitFileType = wrapper.application; includeInIndex = 0; path = "Starwar-alamofire.app"; sourceTree = BUILT_PRODUCTS_DIR; };
		1789166D24125E8F001AE293 /* AppDelegate.swift */ = {isa = PBXFileReference; lastKnownFileType = sourcecode.swift; path = AppDelegate.swift; sourceTree = "<group>"; };
		1789166F24125E8F001AE293 /* SceneDelegate.swift */ = {isa = PBXFileReference; lastKnownFileType = sourcecode.swift; path = SceneDelegate.swift; sourceTree = "<group>"; };
		1789167124125E8F001AE293 /* ViewController.swift */ = {isa = PBXFileReference; lastKnownFileType = sourcecode.swift; path = ViewController.swift; sourceTree = "<group>"; };
		1789167424125E8F001AE293 /* Base */ = {isa = PBXFileReference; lastKnownFileType = file.storyboard; name = Base; path = Base.lproj/Main.storyboard; sourceTree = "<group>"; };
		1789167724125E8F001AE293 /* Starwar_alamofire.xcdatamodel */ = {isa = PBXFileReference; lastKnownFileType = wrapper.xcdatamodel; path = Starwar_alamofire.xcdatamodel; sourceTree = "<group>"; };
		1789167924125E92001AE293 /* Assets.xcassets */ = {isa = PBXFileReference; lastKnownFileType = folder.assetcatalog; path = Assets.xcassets; sourceTree = "<group>"; };
		1789167C24125E92001AE293 /* Base */ = {isa = PBXFileReference; lastKnownFileType = file.storyboard; name = Base; path = Base.lproj/LaunchScreen.storyboard; sourceTree = "<group>"; };
		1789167E24125E92001AE293 /* Info.plist */ = {isa = PBXFileReference; lastKnownFileType = text.plist.xml; path = Info.plist; sourceTree = "<group>"; };
		1789168524125ED4001AE293 /* PersonApi.swift */ = {isa = PBXFileReference; lastKnownFileType = sourcecode.swift; path = PersonApi.swift; sourceTree = "<group>"; };
		1789168724126012001AE293 /* constants.swift */ = {isa = PBXFileReference; lastKnownFileType = sourcecode.swift; path = constants.swift; sourceTree = "<group>"; };
		17891689241260EA001AE293 /* Person.swift */ = {isa = PBXFileReference; lastKnownFileType = sourcecode.swift; path = Person.swift; sourceTree = "<group>"; };
		412A0FE64F9DC89A62B32E05 /* Pods_Starwar_alamofire.framework */ = {isa = PBXFileReference; explicitFileType = wrapper.framework; includeInIndex = 0; path = Pods_Starwar_alamofire.framework; sourceTree = BUILT_PRODUCTS_DIR; };
		4DFF59A73291F7C38676B726 /* Pods-Starwar-alamofire.debug.xcconfig */ = {isa = PBXFileReference; includeInIndex = 1; lastKnownFileType = text.xcconfig; name = "Pods-Starwar-alamofire.debug.xcconfig"; path = "Target Support Files/Pods-Starwar-alamofire/Pods-Starwar-alamofire.debug.xcconfig"; sourceTree = "<group>"; };
		69F569E2752194B774B1A45E /* Pods-Starwar-alamofire.release.xcconfig */ = {isa = PBXFileReference; includeInIndex = 1; lastKnownFileType = text.xcconfig; name = "Pods-Starwar-alamofire.release.xcconfig"; path = "Target Support Files/Pods-Starwar-alamofire/Pods-Starwar-alamofire.release.xcconfig"; sourceTree = "<group>"; };
/* End PBXFileReference section */

/* Begin PBXFrameworksBuildPhase section */
		1789166724125E8F001AE293 /* Frameworks */ = {
			isa = PBXFrameworksBuildPhase;
			buildActionMask = 2147483647;
			files = (
				72AA84144526553C088C800A /* Pods_Starwar_alamofire.framework in Frameworks */,
			);
			runOnlyForDeploymentPostprocessing = 0;
		};
/* End PBXFrameworksBuildPhase section */

/* Begin PBXGroup section */
		1789166124125E8F001AE293 = {
			isa = PBXGroup;
			children = (
				1789166C24125E8F001AE293 /* Starwar-alamofire */,
				1789166B24125E8F001AE293 /* Products */,
				C90D179FC7990890522AA155 /* Pods */,
				3C5B0C6F917B04E1399887DE /* Frameworks */,
			);
			sourceTree = "<group>";
		};
		1789166B24125E8F001AE293 /* Products */ = {
			isa = PBXGroup;
			children = (
				1789166A24125E8F001AE293 /* Starwar-alamofire.app */,
			);
			name = Products;
			sourceTree = "<group>";
		};
		1789166C24125E8F001AE293 /* Starwar-alamofire */ = {
			isa = PBXGroup;
			children = (
				1789168424125EC5001AE293 /* Service */,
				1789166D24125E8F001AE293 /* AppDelegate.swift */,
				1789166F24125E8F001AE293 /* SceneDelegate.swift */,
				1789167124125E8F001AE293 /* ViewController.swift */,
				1789168724126012001AE293 /* constants.swift */,
				1789167324125E8F001AE293 /* Main.storyboard */,
				1789167924125E92001AE293 /* Assets.xcassets */,
				1789167B24125E92001AE293 /* LaunchScreen.storyboard */,
				1789167E24125E92001AE293 /* Info.plist */,
				1789167624125E8F001AE293 /* Starwar_alamofire.xcdatamodeld */,
			);
			path = "Starwar-alamofire";
			sourceTree = "<group>";
		};
		1789168424125EC5001AE293 /* Service */ = {
			isa = PBXGroup;
			children = (
				1789168524125ED4001AE293 /* PersonApi.swift */,
				17891689241260EA001AE293 /* Person.swift */,
			);
			path = Service;
			sourceTree = "<group>";
		};
		3C5B0C6F917B04E1399887DE /* Frameworks */ = {
			isa = PBXGroup;
			children = (
				412A0FE64F9DC89A62B32E05 /* Pods_Starwar_alamofire.framework */,
			);
			name = Frameworks;
			sourceTree = "<group>";
		};
		C90D179FC7990890522AA155 /* Pods */ = {
			isa = PBXGroup;
			children = (
				4DFF59A73291F7C38676B726 /* Pods-Starwar-alamofire.debug.xcconfig */,
				69F569E2752194B774B1A45E /* Pods-Starwar-alamofire.release.xcconfig */,
			);
			name = Pods;
			path = Pods;
			sourceTree = "<group>";
		};
/* End PBXGroup section */

/* Begin PBXNativeTarget section */
		1789166924125E8F001AE293 /* Starwar-alamofire */ = {
			isa = PBXNativeTarget;
			buildConfigurationList = 1789168124125E92001AE293 /* Build configuration list for PBXNativeTarget "Starwar-alamofire" */;
			buildPhases = (
				35D97114DEBF203CE5C0A6BB /* [CP] Check Pods Manifest.lock */,
				1789166624125E8F001AE293 /* Sources */,
				1789166724125E8F001AE293 /* Frameworks */,
				1789166824125E8F001AE293 /* Resources */,
				9431CCF82C71AF142FD9A59A /* [CP] Embed Pods Frameworks */,
			);
			buildRules = (
			);
			dependencies = (
			);
			name = "Starwar-alamofire";
			productName = "Starwar-alamofire";
			productReference = 1789166A24125E8F001AE293 /* Starwar-alamofire.app */;
			productType = "com.apple.product-type.application";
		};
/* End PBXNativeTarget section */

/* Begin PBXProject section */
		1789166224125E8F001AE293 /* Project object */ = {
			isa = PBXProject;
			attributes = {
				LastSwiftUpdateCheck = 1130;
				LastUpgradeCheck = 1130;
				ORGANIZATIONNAME = "Supanut Laddayam";
				TargetAttributes = {
					1789166924125E8F001AE293 = {
						CreatedOnToolsVersion = 11.3;
					};
				};
			};
			buildConfigurationList = 1789166524125E8F001AE293 /* Build configuration list for PBXProject "Starwar-alamofire" */;
			compatibilityVersion = "Xcode 9.3";
			developmentRegion = en;
			hasScannedForEncodings = 0;
			knownRegions = (
				en,
				Base,
			);
			mainGroup = 1789166124125E8F001AE293;
			productRefGroup = 1789166B24125E8F001AE293 /* Products */;
			projectDirPath = "";
			projectRoot = "";
			targets = (
				1789166924125E8F001AE293 /* Starwar-alamofire */,
			);
		};
/* End PBXProject section */

/* Begin PBXResourcesBuildPhase section */
		1789166824125E8F001AE293 /* Resources */ = {
			isa = PBXResourcesBuildPhase;
			buildActionMask = 2147483647;
			files = (
				1789167D24125E92001AE293 /* LaunchScreen.storyboard in Resources */,
				1789167A24125E92001AE293 /* Assets.xcassets in Resources */,
				1789167524125E8F001AE293 /* Main.storyboard in Resources */,
			);
			runOnlyForDeploymentPostprocessing = 0;
		};
/* End PBXResourcesBuildPhase section */

/* Begin PBXShellScriptBuildPhase section */
		35D97114DEBF203CE5C0A6BB /* [CP] Check Pods Manifest.lock */ = {
			isa = PBXShellScriptBuildPhase;
			buildActionMask = 2147483647;
			files = (
			);
			inputFileListPaths = (
			);
			inputPaths = (
				"${PODS_PODFILE_DIR_PATH}/Podfile.lock",
				"${PODS_ROOT}/Manifest.lock",
			);
			name = "[CP] Check Pods Manifest.lock";
			outputFileListPaths = (
			);
			outputPaths = (
				"$(DERIVED_FILE_DIR)/Pods-Starwar-alamofire-checkManifestLockResult.txt",
			);
			runOnlyForDeploymentPostprocessing = 0;
			shellPath = /bin/sh;
			shellScript = "diff \"${PODS_PODFILE_DIR_PATH}/Podfile.lock\" \"${PODS_ROOT}/Manifest.lock\" > /dev/null\nif [ $? != 0 ] ; then\n    # print error to STDERR\n    echo \"error: The sandbox is not in sync with the Podfile.lock. Run 'pod install' or update your CocoaPods installation.\" >&2\n    exit 1\nfi\n# This output is used by Xcode 'outputs' to avoid re-running this script phase.\necho \"SUCCESS\" > \"${SCRIPT_OUTPUT_FILE_0}\"\n";
			showEnvVarsInLog = 0;
		};
		9431CCF82C71AF142FD9A59A /* [CP] Embed Pods Frameworks */ = {
			isa = PBXShellScriptBuildPhase;
			buildActionMask = 2147483647;
			files = (
			);
			inputFileListPaths = (
				"${PODS_ROOT}/Target Support Files/Pods-Starwar-alamofire/Pods-Starwar-alamofire-frameworks-${CONFIGURATION}-input-files.xcfilelist",
			);
			name = "[CP] Embed Pods Frameworks";
			outputFileListPaths = (
				"${PODS_ROOT}/Target Support Files/Pods-Starwar-alamofire/Pods-Starwar-alamofire-frameworks-${CONFIGURATION}-output-files.xcfilelist",
			);
			runOnlyForDeploymentPostprocessing = 0;
			shellPath = /bin/sh;
			shellScript = "\"${PODS_ROOT}/Target Support Files/Pods-Starwar-alamofire/Pods-Starwar-alamofire-frameworks.sh\"\n";
			showEnvVarsInLog = 0;
		};
/* End PBXShellScriptBuildPhase section */

/* Begin PBXSourcesBuildPhase section */
		1789166624125E8F001AE293 /* Sources */ = {
			isa = PBXSourcesBuildPhase;
			buildActionMask = 2147483647;
			files = (
				1789167224125E8F001AE293 /* ViewController.swift in Sources */,
				1789167824125E8F001AE293 /* Starwar_alamofire.xcdatamodeld in Sources */,
				1789166E24125E8F001AE293 /* AppDelegate.swift in Sources */,
				1789168624125ED4001AE293 /* PersonApi.swift in Sources */,
				1789168A241260EA001AE293 /* Person.swift in Sources */,
				1789167024125E8F001AE293 /* SceneDelegate.swift in Sources */,
				1789168824126012001AE293 /* constants.swift in Sources */,
			);
			runOnlyForDeploymentPostprocessing = 0;
		};
/* End PBXSourcesBuildPhase section */

/* Begin PBXVariantGroup section */
		1789167324125E8F001AE293 /* Main.storyboard */ = {
			isa = PBXVariantGroup;
			children = (
				1789167424125E8F001AE293 /* Base */,
			);
			name = Main.storyboard;
			sourceTree = "<group>";
		};
		1789167B24125E92001AE293 /* LaunchScreen.storyboard */ = {
			isa = PBXVariantGroup;
			children = (
				1789167C24125E92001AE293 /* Base */,
			);
			name = LaunchScreen.storyboard;
			sourceTree = "<group>";
		};
/* End PBXVariantGroup section */

/* Begin XCBuildConfiguration section */
		1789167F24125E92001AE293 /* Debug */ = {
			isa = XCBuildConfiguration;
			buildSettings = {
				ALWAYS_SEARCH_USER_PATHS = NO;
				CLANG_ANALYZER_NONNULL = YES;
				CLANG_ANALYZER_NUMBER_OBJECT_CONVERSION = YES_AGGRESSIVE;
				CLANG_CXX_LANGUAGE_STANDARD = "gnu++14";
				CLANG_CXX_LIBRARY = "libc++";
				CLANG_ENABLE_MODULES = YES;
				CLANG_ENABLE_OBJC_ARC = YES;
				CLANG_ENABLE_OBJC_WEAK = YES;
				CLANG_WARN_BLOCK_CAPTURE_AUTORELEASING = YES;
				CLANG_WARN_BOOL_CONVERSION = YES;
				CLANG_WARN_COMMA = YES;
				CLANG_WARN_CONSTANT_CONVERSION = YES;
				CLANG_WARN_DEPRECATED_OBJC_IMPLEMENTATIONS = YES;
				CLANG_WARN_DIRECT_OBJC_ISA_USAGE = YES_ERROR;
				CLANG_WARN_DOCUMENTATION_COMMENTS = YES;
				CLANG_WARN_EMPTY_BODY = YES;
				CLANG_WARN_ENUM_CONVERSION = YES;
				CLANG_WARN_INFINITE_RECURSION = YES;
				CLANG_WARN_INT_CONVERSION = YES;
				CLANG_WARN_NON_LITERAL_NULL_CONVERSION = YES;
				CLANG_WARN_OBJC_IMPLICIT_RETAIN_SELF = YES;
				CLANG_WARN_OBJC_LITERAL_CONVERSION = YES;
				CLANG_WARN_OBJC_ROOT_CLASS = YES_ERROR;
				CLANG_WARN_RANGE_LOOP_ANALYSIS = YES;
				CLANG_WARN_STRICT_PROTOTYPES = YES;
				CLANG_WARN_SUSPICIOUS_MOVE = YES;
				CLANG_WARN_UNGUARDED_AVAILABILITY = YES_AGGRESSIVE;
				CLANG_WARN_UNREACHABLE_CODE = YES;
				CLANG_WARN__DUPLICATE_METHOD_MATCH = YES;
				COPY_PHASE_STRIP = NO;
				DEBUG_INFORMATION_FORMAT = dwarf;
				ENABLE_STRICT_OBJC_MSGSEND = YES;
				ENABLE_TESTABILITY = YES;
				GCC_C_LANGUAGE_STANDARD = gnu11;
				GCC_DYNAMIC_NO_PIC = NO;
				GCC_NO_COMMON_BLOCKS = YES;
				GCC_OPTIMIZATION_LEVEL = 0;
				GCC_PREPROCESSOR_DEFINITIONS = (
					"DEBUG=1",
					"$(inherited)",
				);
				GCC_WARN_64_TO_32_BIT_CONVERSION = YES;
				GCC_WARN_ABOUT_RETURN_TYPE = YES_ERROR;
				GCC_WARN_UNDECLARED_SELECTOR = YES;
				GCC_WARN_UNINITIALIZED_AUTOS = YES_AGGRESSIVE;
				GCC_WARN_UNUSED_FUNCTION = YES;
				GCC_WARN_UNUSED_VARIABLE = YES;
				IPHONEOS_DEPLOYMENT_TARGET = 13.2;
				MTL_ENABLE_DEBUG_INFO = INCLUDE_SOURCE;
				MTL_FAST_MATH = YES;
				ONLY_ACTIVE_ARCH = YES;
				SDKROOT = iphoneos;
				SWIFT_ACTIVE_COMPILATION_CONDITIONS = DEBUG;
				SWIFT_OPTIMIZATION_LEVEL = "-Onone";
			};
			name = Debug;
		};
		1789168024125E92001AE293 /* Release */ = {
			isa = XCBuildConfiguration;
			buildSettings = {
				ALWAYS_SEARCH_USER_PATHS = NO;
				CLANG_ANALYZER_NONNULL = YES;
				CLANG_ANALYZER_NUMBER_OBJECT_CONVERSION = YES_AGGRESSIVE;
				CLANG_CXX_LANGUAGE_STANDARD = "gnu++14";
				CLANG_CXX_LIBRARY = "libc++";
				CLANG_ENABLE_MODULES = YES;
				CLANG_ENABLE_OBJC_ARC = YES;
				CLANG_ENABLE_OBJC_WEAK = YES;
				CLANG_WARN_BLOCK_CAPTURE_AUTORELEASING = YES;
				CLANG_WARN_BOOL_CONVERSION = YES;
				CLANG_WARN_COMMA = YES;
				CLANG_WARN_CONSTANT_CONVERSION = YES;
				CLANG_WARN_DEPRECATED_OBJC_IMPLEMENTATIONS = YES;
				CLANG_WARN_DIRECT_OBJC_ISA_USAGE = YES_ERROR;
				CLANG_WARN_DOCUMENTATION_COMMENTS = YES;
				CLANG_WARN_EMPTY_BODY = YES;
				CLANG_WARN_ENUM_CONVERSION = YES;
				CLANG_WARN_INFINITE_RECURSION = YES;
				CLANG_WARN_INT_CONVERSION = YES;
				CLANG_WARN_NON_LITERAL_NULL_CONVERSION = YES;
				CLANG_WARN_OBJC_IMPLICIT_RETAIN_SELF = YES;
				CLANG_WARN_OBJC_LITERAL_CONVERSION = YES;
				CLANG_WARN_OBJC_ROOT_CLASS = YES_ERROR;
				CLANG_WARN_RANGE_LOOP_ANALYSIS = YES;
				CLANG_WARN_STRICT_PROTOTYPES = YES;
				CLANG_WARN_SUSPICIOUS_MOVE = YES;
				CLANG_WARN_UNGUARDED_AVAILABILITY = YES_AGGRESSIVE;
				CLANG_WARN_UNREACHABLE_CODE = YES;
				CLANG_WARN__DUPLICATE_METHOD_MATCH = YES;
				COPY_PHASE_STRIP = NO;
				DEBUG_INFORMATION_FORMAT = "dwarf-with-dsym";
				ENABLE_NS_ASSERTIONS = NO;
				ENABLE_STRICT_OBJC_MSGSEND = YES;
				GCC_C_LANGUAGE_STANDARD = gnu11;
				GCC_NO_COMMON_BLOCKS = YES;
				GCC_WARN_64_TO_32_BIT_CONVERSION = YES;
				GCC_WARN_ABOUT_RETURN_TYPE = YES_ERROR;
				GCC_WARN_UNDECLARED_SELECTOR = YES;
				GCC_WARN_UNINITIALIZED_AUTOS = YES_AGGRESSIVE;
				GCC_WARN_UNUSED_FUNCTION = YES;
				GCC_WARN_UNUSED_VARIABLE = YES;
				IPHONEOS_DEPLOYMENT_TARGET = 13.2;
				MTL_ENABLE_DEBUG_INFO = NO;
				MTL_FAST_MATH = YES;
				SDKROOT = iphoneos;
				SWIFT_COMPILATION_MODE = wholemodule;
				SWIFT_OPTIMIZATION_LEVEL = "-O";
				VALIDATE_PRODUCT = YES;
			};
			name = Release;
		};
		1789168224125E92001AE293 /* Debug */ = {
			isa = XCBuildConfiguration;
			baseConfigurationReference = 4DFF59A73291F7C38676B726 /* Pods-Starwar-alamofire.debug.xcconfig */;
			buildSettings = {
				ASSETCATALOG_COMPILER_APPICON_NAME = AppIcon;
				CODE_SIGN_STYLE = Automatic;
				DEVELOPMENT_TEAM = QD4KUK365R;
				INFOPLIST_FILE = "Starwar-alamofire/Info.plist";
				LD_RUNPATH_SEARCH_PATHS = (
					"$(inherited)",
					"@executable_path/Frameworks",
				);
				PRODUCT_BUNDLE_IDENTIFIER = "supanut.inc.Starwar-alamofire";
				PRODUCT_NAME = "$(TARGET_NAME)";
				SWIFT_VERSION = 5.0;
				TARGETED_DEVICE_FAMILY = "1,2";
			};
			name = Debug;
		};
		1789168324125E92001AE293 /* Release */ = {
			isa = XCBuildConfiguration;
			baseConfigurationReference = 69F569E2752194B774B1A45E /* Pods-Starwar-alamofire.release.xcconfig */;
			buildSettings = {
				ASSETCATALOG_COMPILER_APPICON_NAME = AppIcon;
				CODE_SIGN_STYLE = Automatic;
				DEVELOPMENT_TEAM = QD4KUK365R;
				INFOPLIST_FILE = "Starwar-alamofire/Info.plist";
				LD_RUNPATH_SEARCH_PATHS = (
					"$(inherited)",
					"@executable_path/Frameworks",
				);
				PRODUCT_BUNDLE_IDENTIFIER = "supanut.inc.Starwar-alamofire";
				PRODUCT_NAME = "$(TARGET_NAME)";
				SWIFT_VERSION = 5.0;
				TARGETED_DEVICE_FAMILY = "1,2";
			};
			name = Release;
		};
/* End XCBuildConfiguration section */

/* Begin XCConfigurationList section */
		1789166524125E8F001AE293 /* Build configuration list for PBXProject "Starwar-alamofire" */ = {
			isa = XCConfigurationList;
			buildConfigurations = (
				1789167F24125E92001AE293 /* Debug */,
				1789168024125E92001AE293 /* Release */,
			);
			defaultConfigurationIsVisible = 0;
			defaultConfigurationName = Release;
		};
		1789168124125E92001AE293 /* Build configuration list for PBXNativeTarget "Starwar-alamofire" */ = {
			isa = XCConfigurationList;
			buildConfigurations = (
				1789168224125E92001AE293 /* Debug */,
				1789168324125E92001AE293 /* Release */,
			);
			defaultConfigurationIsVisible = 0;
			defaultConfigurationName = Release;
		};
/* End XCConfigurationList section */

/* Begin XCVersionGroup section */
		1789167624125E8F001AE293 /* Starwar_alamofire.xcdatamodeld */ = {
			isa = XCVersionGroup;
			children = (
				1789167724125E8F001AE293 /* Starwar_alamofire.xcdatamodel */,
			);
			currentVersion = 1789167724125E8F001AE293 /* Starwar_alamofire.xcdatamodel */;
			path = Starwar_alamofire.xcdatamodeld;
			sourceTree = "<group>";
			versionGroupType = wrapper.xcdatamodel;
		};
/* End XCVersionGroup section */
	};
	rootObject = 1789166224125E8F001AE293 /* Project object */;
}
